// !$*UTF8*$!
{
	archiveVersion = 1;
	classes = {
	};
	objectVersion = 56;
	objects = {

/* Begin PBXBuildFile section */
		45E6617C2C044EA9001F4868 /* AppDelegate.swift in Sources */ = {isa = PBXBuildFile; fileRef = 45E6617B2C044EA9001F4868 /* AppDelegate.swift */; };
		45E6617E2C044EA9001F4868 /* SceneDelegate.swift in Sources */ = {isa = PBXBuildFile; fileRef = 45E6617D2C044EA9001F4868 /* SceneDelegate.swift */; };
		45E661832C044EA9001F4868 /* Main.storyboard in Resources */ = {isa = PBXBuildFile; fileRef = 45E661812C044EA9001F4868 /* Main.storyboard */; };
		45E661862C044EA9001F4868 /* MyStoryBook.xcdatamodeld in Sources */ = {isa = PBXBuildFile; fileRef = 45E661842C044EA9001F4868 /* MyStoryBook.xcdatamodeld */; };
		45E661882C044EAA001F4868 /* Assets.xcassets in Resources */ = {isa = PBXBuildFile; fileRef = 45E661872C044EAA001F4868 /* Assets.xcassets */; };
		45E6618B2C044EAA001F4868 /* LaunchScreen.storyboard in Resources */ = {isa = PBXBuildFile; fileRef = 45E661892C044EAA001F4868 /* LaunchScreen.storyboard */; };
		45E661962C044EAB001F4868 /* MyStoryBookTests.swift in Sources */ = {isa = PBXBuildFile; fileRef = 45E661952C044EAB001F4868 /* MyStoryBookTests.swift */; };
		45E661A02C044EAB001F4868 /* MyStoryBookUITests.swift in Sources */ = {isa = PBXBuildFile; fileRef = 45E6619F2C044EAB001F4868 /* MyStoryBookUITests.swift */; };
		45E661A22C044EAB001F4868 /* MyStoryBookUITestsLaunchTests.swift in Sources */ = {isa = PBXBuildFile; fileRef = 45E661A12C044EAB001F4868 /* MyStoryBookUITestsLaunchTests.swift */; };
		45E661B02C044ED5001F4868 /* HomeViewController.swift in Sources */ = {isa = PBXBuildFile; fileRef = 45E661AF2C044ED5001F4868 /* HomeViewController.swift */; };
		45E661B22C044EE6001F4868 /* CategroyListViewController.swift in Sources */ = {isa = PBXBuildFile; fileRef = 45E661B12C044EE6001F4868 /* CategroyListViewController.swift */; };
		45E661B42C044EF5001F4868 /* AddCategroyViewController.swift in Sources */ = {isa = PBXBuildFile; fileRef = 45E661B32C044EF5001F4868 /* AddCategroyViewController.swift */; };
		45E661B62C044F01001F4868 /* StoryListViewController.swift in Sources */ = {isa = PBXBuildFile; fileRef = 45E661B52C044F01001F4868 /* StoryListViewController.swift */; };
		45E661B82C044F15001F4868 /* AddStoryViewController.swift in Sources */ = {isa = PBXBuildFile; fileRef = 45E661B72C044F15001F4868 /* AddStoryViewController.swift */; };
		45E661BA2C04652F001F4868 /* BaseViewController.swift in Sources */ = {isa = PBXBuildFile; fileRef = 45E661B92C04652F001F4868 /* BaseViewController.swift */; };
		45E661BF2C047AA8001F4868 /* CategoryModal.swift in Sources */ = {isa = PBXBuildFile; fileRef = 45E661BE2C047AA8001F4868 /* CategoryModal.swift */; };
		45E661C12C047AB2001F4868 /* StoryModal.swift in Sources */ = {isa = PBXBuildFile; fileRef = 45E661C02C047AB2001F4868 /* StoryModal.swift */; };
		45E661C82C04A431001F4868 /* AvenirNextCyr-Regular.ttf in Resources */ = {isa = PBXBuildFile; fileRef = 45E661C42C04A431001F4868 /* AvenirNextCyr-Regular.ttf */; };
		45E661C92C04A431001F4868 /* AvenirNextCyr-Light.ttf in Resources */ = {isa = PBXBuildFile; fileRef = 45E661C52C04A431001F4868 /* AvenirNextCyr-Light.ttf */; };
		45E661CA2C04A431001F4868 /* AvenirNextCyr-Medium.ttf in Resources */ = {isa = PBXBuildFile; fileRef = 45E661C62C04A431001F4868 /* AvenirNextCyr-Medium.ttf */; };
		45E661CB2C04A431001F4868 /* AvenirNextCyr-Bold.ttf in Resources */ = {isa = PBXBuildFile; fileRef = 45E661C72C04A431001F4868 /* AvenirNextCyr-Bold.ttf */; };
/* End PBXBuildFile section */

/* Begin PBXContainerItemProxy section */
		45E661922C044EAB001F4868 /* PBXContainerItemProxy */ = {
			isa = PBXContainerItemProxy;
			containerPortal = 45E661702C044EA9001F4868 /* Project object */;
			proxyType = 1;
			remoteGlobalIDString = 45E661772C044EA9001F4868;
			remoteInfo = MyStoryBook;
		};
		45E6619C2C044EAB001F4868 /* PBXContainerItemProxy */ = {
			isa = PBXContainerItemProxy;
			containerPortal = 45E661702C044EA9001F4868 /* Project object */;
			proxyType = 1;
			remoteGlobalIDString = 45E661772C044EA9001F4868;
			remoteInfo = MyStoryBook;
		};
/* End PBXContainerItemProxy section */

/* Begin PBXFileReference section */
		45E661782C044EA9001F4868 /* MyStoryBook.app */ = {isa = PBXFileReference; explicitFileType = wrapper.application; includeInIndex = 0; path = MyStoryBook.app; sourceTree = BUILT_PRODUCTS_DIR; };
		45E6617B2C044EA9001F4868 /* AppDelegate.swift */ = {isa = PBXFileReference; lastKnownFileType = sourcecode.swift; path = AppDelegate.swift; sourceTree = "<group>"; };
		45E6617D2C044EA9001F4868 /* SceneDelegate.swift */ = {isa = PBXFileReference; lastKnownFileType = sourcecode.swift; path = SceneDelegate.swift; sourceTree = "<group>"; };
		45E661822C044EA9001F4868 /* Base */ = {isa = PBXFileReference; lastKnownFileType = file.storyboard; name = Base; path = Base.lproj/Main.storyboard; sourceTree = "<group>"; };
		45E661852C044EA9001F4868 /* MyStoryBook.xcdatamodel */ = {isa = PBXFileReference; lastKnownFileType = wrapper.xcdatamodel; path = MyStoryBook.xcdatamodel; sourceTree = "<group>"; };
		45E661872C044EAA001F4868 /* Assets.xcassets */ = {isa = PBXFileReference; lastKnownFileType = folder.assetcatalog; path = Assets.xcassets; sourceTree = "<group>"; };
		45E6618A2C044EAA001F4868 /* Base */ = {isa = PBXFileReference; lastKnownFileType = file.storyboard; name = Base; path = Base.lproj/LaunchScreen.storyboard; sourceTree = "<group>"; };
		45E6618C2C044EAA001F4868 /* Info.plist */ = {isa = PBXFileReference; lastKnownFileType = text.plist.xml; path = Info.plist; sourceTree = "<group>"; };
		45E661912C044EAB001F4868 /* MyStoryBookTests.xctest */ = {isa = PBXFileReference; explicitFileType = wrapper.cfbundle; includeInIndex = 0; path = MyStoryBookTests.xctest; sourceTree = BUILT_PRODUCTS_DIR; };
		45E661952C044EAB001F4868 /* MyStoryBookTests.swift */ = {isa = PBXFileReference; lastKnownFileType = sourcecode.swift; path = MyStoryBookTests.swift; sourceTree = "<group>"; };
		45E6619B2C044EAB001F4868 /* MyStoryBookUITests.xctest */ = {isa = PBXFileReference; explicitFileType = wrapper.cfbundle; includeInIndex = 0; path = MyStoryBookUITests.xctest; sourceTree = BUILT_PRODUCTS_DIR; };
		45E6619F2C044EAB001F4868 /* MyStoryBookUITests.swift */ = {isa = PBXFileReference; lastKnownFileType = sourcecode.swift; path = MyStoryBookUITests.swift; sourceTree = "<group>"; };
		45E661A12C044EAB001F4868 /* MyStoryBookUITestsLaunchTests.swift */ = {isa = PBXFileReference; lastKnownFileType = sourcecode.swift; path = MyStoryBookUITestsLaunchTests.swift; sourceTree = "<group>"; };
		45E661AF2C044ED5001F4868 /* HomeViewController.swift */ = {isa = PBXFileReference; lastKnownFileType = sourcecode.swift; path = HomeViewController.swift; sourceTree = "<group>"; };
		45E661B12C044EE6001F4868 /* CategroyListViewController.swift */ = {isa = PBXFileReference; lastKnownFileType = sourcecode.swift; path = CategroyListViewController.swift; sourceTree = "<group>"; };
		45E661B32C044EF5001F4868 /* AddCategroyViewController.swift */ = {isa = PBXFileReference; lastKnownFileType = sourcecode.swift; path = AddCategroyViewController.swift; sourceTree = "<group>"; };
		45E661B52C044F01001F4868 /* StoryListViewController.swift */ = {isa = PBXFileReference; lastKnownFileType = sourcecode.swift; path = StoryListViewController.swift; sourceTree = "<group>"; };
		45E661B72C044F15001F4868 /* AddStoryViewController.swift */ = {isa = PBXFileReference; lastKnownFileType = sourcecode.swift; path = AddStoryViewController.swift; sourceTree = "<group>"; };
		45E661B92C04652F001F4868 /* BaseViewController.swift */ = {isa = PBXFileReference; lastKnownFileType = sourcecode.swift; path = BaseViewController.swift; sourceTree = "<group>"; };
		45E661BE2C047AA8001F4868 /* CategoryModal.swift */ = {isa = PBXFileReference; lastKnownFileType = sourcecode.swift; path = CategoryModal.swift; sourceTree = "<group>"; };
		45E661C02C047AB2001F4868 /* StoryModal.swift */ = {isa = PBXFileReference; lastKnownFileType = sourcecode.swift; path = StoryModal.swift; sourceTree = "<group>"; };
		45E661C42C04A431001F4868 /* AvenirNextCyr-Regular.ttf */ = {isa = PBXFileReference; lastKnownFileType = file; path = "AvenirNextCyr-Regular.ttf"; sourceTree = "<group>"; };
		45E661C52C04A431001F4868 /* AvenirNextCyr-Light.ttf */ = {isa = PBXFileReference; lastKnownFileType = file; path = "AvenirNextCyr-Light.ttf"; sourceTree = "<group>"; };
		45E661C62C04A431001F4868 /* AvenirNextCyr-Medium.ttf */ = {isa = PBXFileReference; lastKnownFileType = file; path = "AvenirNextCyr-Medium.ttf"; sourceTree = "<group>"; };
		45E661C72C04A431001F4868 /* AvenirNextCyr-Bold.ttf */ = {isa = PBXFileReference; lastKnownFileType = file; path = "AvenirNextCyr-Bold.ttf"; sourceTree = "<group>"; };
/* End PBXFileReference section */

/* Begin PBXFrameworksBuildPhase section */
		45E661752C044EA9001F4868 /* Frameworks */ = {
			isa = PBXFrameworksBuildPhase;
			buildActionMask = 2147483647;
			files = (
			);
			runOnlyForDeploymentPostprocessing = 0;
		};
		45E6618E2C044EAB001F4868 /* Frameworks */ = {
			isa = PBXFrameworksBuildPhase;
			buildActionMask = 2147483647;
			files = (
			);
			runOnlyForDeploymentPostprocessing = 0;
		};
		45E661982C044EAB001F4868 /* Frameworks */ = {
			isa = PBXFrameworksBuildPhase;
			buildActionMask = 2147483647;
			files = (
			);
			runOnlyForDeploymentPostprocessing = 0;
		};
/* End PBXFrameworksBuildPhase section */

/* Begin PBXGroup section */
		45E6616F2C044EA9001F4868 = {
			isa = PBXGroup;
			children = (
				45E6617A2C044EA9001F4868 /* MyStoryBook */,
				45E661942C044EAB001F4868 /* MyStoryBookTests */,
				45E6619E2C044EAB001F4868 /* MyStoryBookUITests */,
				45E661792C044EA9001F4868 /* Products */,
			);
			sourceTree = "<group>";
		};
		45E661792C044EA9001F4868 /* Products */ = {
			isa = PBXGroup;
			children = (
				45E661782C044EA9001F4868 /* MyStoryBook.app */,
				45E661912C044EAB001F4868 /* MyStoryBookTests.xctest */,
				45E6619B2C044EAB001F4868 /* MyStoryBookUITests.xctest */,
			);
			name = Products;
			sourceTree = "<group>";
		};
		45E6617A2C044EA9001F4868 /* MyStoryBook */ = {
			isa = PBXGroup;
			children = (
				45E661C22C04A3FF001F4868 /* Resources */,
				45E661BD2C047A97001F4868 /* Modals */,
				45E661AE2C044EBC001F4868 /* Controller */,
				45E6617B2C044EA9001F4868 /* AppDelegate.swift */,
				45E6617D2C044EA9001F4868 /* SceneDelegate.swift */,
				45E661812C044EA9001F4868 /* Main.storyboard */,
				45E661872C044EAA001F4868 /* Assets.xcassets */,
				45E661892C044EAA001F4868 /* LaunchScreen.storyboard */,
				45E6618C2C044EAA001F4868 /* Info.plist */,
				45E661842C044EA9001F4868 /* MyStoryBook.xcdatamodeld */,
			);
			path = MyStoryBook;
			sourceTree = "<group>";
		};
		45E661942C044EAB001F4868 /* MyStoryBookTests */ = {
			isa = PBXGroup;
			children = (
				45E661952C044EAB001F4868 /* MyStoryBookTests.swift */,
			);
			path = MyStoryBookTests;
			sourceTree = "<group>";
		};
		45E6619E2C044EAB001F4868 /* MyStoryBookUITests */ = {
			isa = PBXGroup;
			children = (
				45E6619F2C044EAB001F4868 /* MyStoryBookUITests.swift */,
				45E661A12C044EAB001F4868 /* MyStoryBookUITestsLaunchTests.swift */,
			);
			path = MyStoryBookUITests;
			sourceTree = "<group>";
		};
		45E661AE2C044EBC001F4868 /* Controller */ = {
			isa = PBXGroup;
			children = (
				45E661AF2C044ED5001F4868 /* HomeViewController.swift */,
				45E661B12C044EE6001F4868 /* CategroyListViewController.swift */,
				45E661B32C044EF5001F4868 /* AddCategroyViewController.swift */,
				45E661B52C044F01001F4868 /* StoryListViewController.swift */,
				45E661B72C044F15001F4868 /* AddStoryViewController.swift */,
				45E661B92C04652F001F4868 /* BaseViewController.swift */,
			);
			path = Controller;
			sourceTree = "<group>";
		};
		45E661BD2C047A97001F4868 /* Modals */ = {
			isa = PBXGroup;
			children = (
				45E661BE2C047AA8001F4868 /* CategoryModal.swift */,
				45E661C02C047AB2001F4868 /* StoryModal.swift */,
			);
			path = Modals;
			sourceTree = "<group>";
		};
		45E661C22C04A3FF001F4868 /* Resources */ = {
			isa = PBXGroup;
			children = (
				45E661C32C04A431001F4868 /* Fonts */,
			);
			path = Resources;
			sourceTree = "<group>";
		};
		45E661C32C04A431001F4868 /* Fonts */ = {
			isa = PBXGroup;
			children = (
				45E661C42C04A431001F4868 /* AvenirNextCyr-Regular.ttf */,
				45E661C52C04A431001F4868 /* AvenirNextCyr-Light.ttf */,
				45E661C62C04A431001F4868 /* AvenirNextCyr-Medium.ttf */,
				45E661C72C04A431001F4868 /* AvenirNextCyr-Bold.ttf */,
			);
			path = Fonts;
			sourceTree = "<group>";
		};
/* End PBXGroup section */

/* Begin PBXNativeTarget section */
		45E661772C044EA9001F4868 /* MyStoryBook */ = {
			isa = PBXNativeTarget;
			buildConfigurationList = 45E661A52C044EAB001F4868 /* Build configuration list for PBXNativeTarget "MyStoryBook" */;
			buildPhases = (
				45E661742C044EA9001F4868 /* Sources */,
				45E661752C044EA9001F4868 /* Frameworks */,
				45E661762C044EA9001F4868 /* Resources */,
			);
			buildRules = (
			);
			dependencies = (
			);
			name = MyStoryBook;
			productName = MyStoryBook;
			productReference = 45E661782C044EA9001F4868 /* MyStoryBook.app */;
			productType = "com.apple.product-type.application";
		};
		45E661902C044EAB001F4868 /* MyStoryBookTests */ = {
			isa = PBXNativeTarget;
			buildConfigurationList = 45E661A82C044EAB001F4868 /* Build configuration list for PBXNativeTarget "MyStoryBookTests" */;
			buildPhases = (
				45E6618D2C044EAB001F4868 /* Sources */,
				45E6618E2C044EAB001F4868 /* Frameworks */,
				45E6618F2C044EAB001F4868 /* Resources */,
			);
			buildRules = (
			);
			dependencies = (
				45E661932C044EAB001F4868 /* PBXTargetDependency */,
			);
			name = MyStoryBookTests;
			productName = MyStoryBookTests;
			productReference = 45E661912C044EAB001F4868 /* MyStoryBookTests.xctest */;
			productType = "com.apple.product-type.bundle.unit-test";
		};
		45E6619A2C044EAB001F4868 /* MyStoryBookUITests */ = {
			isa = PBXNativeTarget;
			buildConfigurationList = 45E661AB2C044EAB001F4868 /* Build configuration list for PBXNativeTarget "MyStoryBookUITests" */;
			buildPhases = (
				45E661972C044EAB001F4868 /* Sources */,
				45E661982C044EAB001F4868 /* Frameworks */,
				45E661992C044EAB001F4868 /* Resources */,
			);
			buildRules = (
			);
			dependencies = (
				45E6619D2C044EAB001F4868 /* PBXTargetDependency */,
			);
			name = MyStoryBookUITests;
			productName = MyStoryBookUITests;
			productReference = 45E6619B2C044EAB001F4868 /* MyStoryBookUITests.xctest */;
			productType = "com.apple.product-type.bundle.ui-testing";
		};
/* End PBXNativeTarget section */

/* Begin PBXProject section */
		45E661702C044EA9001F4868 /* Project object */ = {
			isa = PBXProject;
			attributes = {
				BuildIndependentTargetsInParallel = 1;
				LastSwiftUpdateCheck = 1500;
				LastUpgradeCheck = 1500;
				TargetAttributes = {
					45E661772C044EA9001F4868 = {
						CreatedOnToolsVersion = 15.0.1;
					};
					45E661902C044EAB001F4868 = {
						CreatedOnToolsVersion = 15.0.1;
						TestTargetID = 45E661772C044EA9001F4868;
					};
					45E6619A2C044EAB001F4868 = {
						CreatedOnToolsVersion = 15.0.1;
						TestTargetID = 45E661772C044EA9001F4868;
					};
				};
			};
			buildConfigurationList = 45E661732C044EA9001F4868 /* Build configuration list for PBXProject "MyStoryBook" */;
			compatibilityVersion = "Xcode 14.0";
			developmentRegion = en;
			hasScannedForEncodings = 0;
			knownRegions = (
				en,
				Base,
			);
			mainGroup = 45E6616F2C044EA9001F4868;
			productRefGroup = 45E661792C044EA9001F4868 /* Products */;
			projectDirPath = "";
			projectRoot = "";
			targets = (
				45E661772C044EA9001F4868 /* MyStoryBook */,
				45E661902C044EAB001F4868 /* MyStoryBookTests */,
				45E6619A2C044EAB001F4868 /* MyStoryBookUITests */,
			);
		};
/* End PBXProject section */

/* Begin PBXResourcesBuildPhase section */
		45E661762C044EA9001F4868 /* Resources */ = {
			isa = PBXResourcesBuildPhase;
			buildActionMask = 2147483647;
			files = (
				45E661CA2C04A431001F4868 /* AvenirNextCyr-Medium.ttf in Resources */,
				45E661C92C04A431001F4868 /* AvenirNextCyr-Light.ttf in Resources */,
				45E6618B2C044EAA001F4868 /* LaunchScreen.storyboard in Resources */,
				45E661882C044EAA001F4868 /* Assets.xcassets in Resources */,
				45E661CB2C04A431001F4868 /* AvenirNextCyr-Bold.ttf in Resources */,
				45E661C82C04A431001F4868 /* AvenirNextCyr-Regular.ttf in Resources */,
				45E661832C044EA9001F4868 /* Main.storyboard in Resources */,
			);
			runOnlyForDeploymentPostprocessing = 0;
		};
		45E6618F2C044EAB001F4868 /* Resources */ = {
			isa = PBXResourcesBuildPhase;
			buildActionMask = 2147483647;
			files = (
			);
			runOnlyForDeploymentPostprocessing = 0;
		};
		45E661992C044EAB001F4868 /* Resources */ = {
			isa = PBXResourcesBuildPhase;
			buildActionMask = 2147483647;
			files = (
			);
			runOnlyForDeploymentPostprocessing = 0;
		};
/* End PBXResourcesBuildPhase section */

/* Begin PBXSourcesBuildPhase section */
		45E661742C044EA9001F4868 /* Sources */ = {
			isa = PBXSourcesBuildPhase;
			buildActionMask = 2147483647;
			files = (
				45E661B02C044ED5001F4868 /* HomeViewController.swift in Sources */,
				45E661B42C044EF5001F4868 /* AddCategroyViewController.swift in Sources */,
				45E6617C2C044EA9001F4868 /* AppDelegate.swift in Sources */,
				45E661BF2C047AA8001F4868 /* CategoryModal.swift in Sources */,
				45E661B62C044F01001F4868 /* StoryListViewController.swift in Sources */,
				45E661862C044EA9001F4868 /* MyStoryBook.xcdatamodeld in Sources */,
				45E661BA2C04652F001F4868 /* BaseViewController.swift in Sources */,
				45E661B22C044EE6001F4868 /* CategroyListViewController.swift in Sources */,
				45E661B82C044F15001F4868 /* AddStoryViewController.swift in Sources */,
				45E661C12C047AB2001F4868 /* StoryModal.swift in Sources */,
				45E6617E2C044EA9001F4868 /* SceneDelegate.swift in Sources */,
			);
			runOnlyForDeploymentPostprocessing = 0;
		};
		45E6618D2C044EAB001F4868 /* Sources */ = {
			isa = PBXSourcesBuildPhase;
			buildActionMask = 2147483647;
			files = (
				45E661962C044EAB001F4868 /* MyStoryBookTests.swift in Sources */,
			);
			runOnlyForDeploymentPostprocessing = 0;
		};
		45E661972C044EAB001F4868 /* Sources */ = {
			isa = PBXSourcesBuildPhase;
			buildActionMask = 2147483647;
			files = (
				45E661A02C044EAB001F4868 /* MyStoryBookUITests.swift in Sources */,
				45E661A22C044EAB001F4868 /* MyStoryBookUITestsLaunchTests.swift in Sources */,
			);
			runOnlyForDeploymentPostprocessing = 0;
		};
/* End PBXSourcesBuildPhase section */

/* Begin PBXTargetDependency section */
		45E661932C044EAB001F4868 /* PBXTargetDependency */ = {
			isa = PBXTargetDependency;
			target = 45E661772C044EA9001F4868 /* MyStoryBook */;
			targetProxy = 45E661922C044EAB001F4868 /* PBXContainerItemProxy */;
		};
		45E6619D2C044EAB001F4868 /* PBXTargetDependency */ = {
			isa = PBXTargetDependency;
			target = 45E661772C044EA9001F4868 /* MyStoryBook */;
			targetProxy = 45E6619C2C044EAB001F4868 /* PBXContainerItemProxy */;
		};
/* End PBXTargetDependency section */

/* Begin PBXVariantGroup section */
		45E661812C044EA9001F4868 /* Main.storyboard */ = {
			isa = PBXVariantGroup;
			children = (
				45E661822C044EA9001F4868 /* Base */,
			);
			name = Main.storyboard;
			sourceTree = "<group>";
		};
		45E661892C044EAA001F4868 /* LaunchScreen.storyboard */ = {
			isa = PBXVariantGroup;
			children = (
				45E6618A2C044EAA001F4868 /* Base */,
			);
			name = LaunchScreen.storyboard;
			sourceTree = "<group>";
		};
/* End PBXVariantGroup section */

/* Begin XCBuildConfiguration section */
		45E661A32C044EAB001F4868 /* Debug */ = {
			isa = XCBuildConfiguration;
			buildSettings = {
				ALWAYS_SEARCH_USER_PATHS = NO;
				ASSETCATALOG_COMPILER_GENERATE_SWIFT_ASSET_SYMBOL_EXTENSIONS = YES;
				CLANG_ANALYZER_NONNULL = YES;
				CLANG_ANALYZER_NUMBER_OBJECT_CONVERSION = YES_AGGRESSIVE;
				CLANG_CXX_LANGUAGE_STANDARD = "gnu++20";
				CLANG_ENABLE_MODULES = YES;
				CLANG_ENABLE_OBJC_ARC = YES;
				CLANG_ENABLE_OBJC_WEAK = YES;
				CLANG_WARN_BLOCK_CAPTURE_AUTORELEASING = YES;
				CLANG_WARN_BOOL_CONVERSION = YES;
				CLANG_WARN_COMMA = YES;
				CLANG_WARN_CONSTANT_CONVERSION = YES;
				CLANG_WARN_DEPRECATED_OBJC_IMPLEMENTATIONS = YES;
				CLANG_WARN_DIRECT_OBJC_ISA_USAGE = YES_ERROR;
				CLANG_WARN_DOCUMENTATION_COMMENTS = YES;
				CLANG_WARN_EMPTY_BODY = YES;
				CLANG_WARN_ENUM_CONVERSION = YES;
				CLANG_WARN_INFINITE_RECURSION = YES;
				CLANG_WARN_INT_CONVERSION = YES;
				CLANG_WARN_NON_LITERAL_NULL_CONVERSION = YES;
				CLANG_WARN_OBJC_IMPLICIT_RETAIN_SELF = YES;
				CLANG_WARN_OBJC_LITERAL_CONVERSION = YES;
				CLANG_WARN_OBJC_ROOT_CLASS = YES_ERROR;
				CLANG_WARN_QUOTED_INCLUDE_IN_FRAMEWORK_HEADER = YES;
				CLANG_WARN_RANGE_LOOP_ANALYSIS = YES;
				CLANG_WARN_STRICT_PROTOTYPES = YES;
				CLANG_WARN_SUSPICIOUS_MOVE = YES;
				CLANG_WARN_UNGUARDED_AVAILABILITY = YES_AGGRESSIVE;
				CLANG_WARN_UNREACHABLE_CODE = YES;
				CLANG_WARN__DUPLICATE_METHOD_MATCH = YES;
				COPY_PHASE_STRIP = NO;
				DEBUG_INFORMATION_FORMAT = dwarf;
				ENABLE_STRICT_OBJC_MSGSEND = YES;
				ENABLE_TESTABILITY = YES;
				ENABLE_USER_SCRIPT_SANDBOXING = YES;
				GCC_C_LANGUAGE_STANDARD = gnu17;
				GCC_DYNAMIC_NO_PIC = NO;
				GCC_NO_COMMON_BLOCKS = YES;
				GCC_OPTIMIZATION_LEVEL = 0;
				GCC_PREPROCESSOR_DEFINITIONS = (
					"DEBUG=1",
					"$(inherited)",
				);
				GCC_WARN_64_TO_32_BIT_CONVERSION = YES;
				GCC_WARN_ABOUT_RETURN_TYPE = YES_ERROR;
				GCC_WARN_UNDECLARED_SELECTOR = YES;
				GCC_WARN_UNINITIALIZED_AUTOS = YES_AGGRESSIVE;
				GCC_WARN_UNUSED_FUNCTION = YES;
				GCC_WARN_UNUSED_VARIABLE = YES;
				IPHONEOS_DEPLOYMENT_TARGET = 17.0;
				LOCALIZATION_PREFERS_STRING_CATALOGS = YES;
				MTL_ENABLE_DEBUG_INFO = INCLUDE_SOURCE;
				MTL_FAST_MATH = YES;
				ONLY_ACTIVE_ARCH = YES;
				SDKROOT = iphoneos;
				SWIFT_ACTIVE_COMPILATION_CONDITIONS = "DEBUG $(inherited)";
				SWIFT_OPTIMIZATION_LEVEL = "-Onone";
			};
			name = Debug;
		};
		45E661A42C044EAB001F4868 /* Release */ = {
			isa = XCBuildConfiguration;
			buildSettings = {
				ALWAYS_SEARCH_USER_PATHS = NO;
				ASSETCATALOG_COMPILER_GENERATE_SWIFT_ASSET_SYMBOL_EXTENSIONS = YES;
				CLANG_ANALYZER_NONNULL = YES;
				CLANG_ANALYZER_NUMBER_OBJECT_CONVERSION = YES_AGGRESSIVE;
				CLANG_CXX_LANGUAGE_STANDARD = "gnu++20";
				CLANG_ENABLE_MODULES = YES;
				CLANG_ENABLE_OBJC_ARC = YES;
				CLANG_ENABLE_OBJC_WEAK = YES;
				CLANG_WARN_BLOCK_CAPTURE_AUTORELEASING = YES;
				CLANG_WARN_BOOL_CONVERSION = YES;
				CLANG_WARN_COMMA = YES;
				CLANG_WARN_CONSTANT_CONVERSION = YES;
				CLANG_WARN_DEPRECATED_OBJC_IMPLEMENTATIONS = YES;
				CLANG_WARN_DIRECT_OBJC_ISA_USAGE = YES_ERROR;
				CLANG_WARN_DOCUMENTATION_COMMENTS = YES;
				CLANG_WARN_EMPTY_BODY = YES;
				CLANG_WARN_ENUM_CONVERSION = YES;
				CLANG_WARN_INFINITE_RECURSION = YES;
				CLANG_WARN_INT_CONVERSION = YES;
				CLANG_WARN_NON_LITERAL_NULL_CONVERSION = YES;
				CLANG_WARN_OBJC_IMPLICIT_RETAIN_SELF = YES;
				CLANG_WARN_OBJC_LITERAL_CONVERSION = YES;
				CLANG_WARN_OBJC_ROOT_CLASS = YES_ERROR;
				CLANG_WARN_QUOTED_INCLUDE_IN_FRAMEWORK_HEADER = YES;
				CLANG_WARN_RANGE_LOOP_ANALYSIS = YES;
				CLANG_WARN_STRICT_PROTOTYPES = YES;
				CLANG_WARN_SUSPICIOUS_MOVE = YES;
				CLANG_WARN_UNGUARDED_AVAILABILITY = YES_AGGRESSIVE;
				CLANG_WARN_UNREACHABLE_CODE = YES;
				CLANG_WARN__DUPLICATE_METHOD_MATCH = YES;
				COPY_PHASE_STRIP = NO;
				DEBUG_INFORMATION_FORMAT = "dwarf-with-dsym";
				ENABLE_NS_ASSERTIONS = NO;
				ENABLE_STRICT_OBJC_MSGSEND = YES;
				ENABLE_USER_SCRIPT_SANDBOXING = YES;
				GCC_C_LANGUAGE_STANDARD = gnu17;
				GCC_NO_COMMON_BLOCKS = YES;
				GCC_WARN_64_TO_32_BIT_CONVERSION = YES;
				GCC_WARN_ABOUT_RETURN_TYPE = YES_ERROR;
				GCC_WARN_UNDECLARED_SELECTOR = YES;
				GCC_WARN_UNINITIALIZED_AUTOS = YES_AGGRESSIVE;
				GCC_WARN_UNUSED_FUNCTION = YES;
				GCC_WARN_UNUSED_VARIABLE = YES;
				IPHONEOS_DEPLOYMENT_TARGET = 17.0;
				LOCALIZATION_PREFERS_STRING_CATALOGS = YES;
				MTL_ENABLE_DEBUG_INFO = NO;
				MTL_FAST_MATH = YES;
				SDKROOT = iphoneos;
				SWIFT_COMPILATION_MODE = wholemodule;
				VALIDATE_PRODUCT = YES;
			};
			name = Release;
		};
		45E661A62C044EAB001F4868 /* Debug */ = {
			isa = XCBuildConfiguration;
			buildSettings = {
				ASSETCATALOG_COMPILER_APPICON_NAME = AppIcon;
				ASSETCATALOG_COMPILER_GLOBAL_ACCENT_COLOR_NAME = AccentColor;
				CODE_SIGN_STYLE = Automatic;
				CURRENT_PROJECT_VERSION = 1;
				GENERATE_INFOPLIST_FILE = YES;
				INFOPLIST_FILE = MyStoryBook/Info.plist;
				INFOPLIST_KEY_UIApplicationSupportsIndirectInputEvents = YES;
				INFOPLIST_KEY_UILaunchStoryboardName = LaunchScreen;
				INFOPLIST_KEY_UIMainStoryboardFile = Main;
				INFOPLIST_KEY_UISupportedInterfaceOrientations_iPad = "UIInterfaceOrientationPortrait UIInterfaceOrientationPortraitUpsideDown UIInterfaceOrientationLandscapeLeft UIInterfaceOrientationLandscapeRight";
				INFOPLIST_KEY_UISupportedInterfaceOrientations_iPhone = "UIInterfaceOrientationPortrait UIInterfaceOrientationLandscapeLeft UIInterfaceOrientationLandscapeRight";
				LD_RUNPATH_SEARCH_PATHS = (
					"$(inherited)",
					"@executable_path/Frameworks",
				);
				MARKETING_VERSION = 1.0;
				PRODUCT_BUNDLE_IDENTIFIER = nilesh.patel.MyStoryBook;
				PRODUCT_NAME = "$(TARGET_NAME)";
				SWIFT_EMIT_LOC_STRINGS = YES;
				SWIFT_VERSION = 5.0;
				TARGETED_DEVICE_FAMILY = "1,2";
			};
			name = Debug;
		};
		45E661A72C044EAB001F4868 /* Release */ = {
			isa = XCBuildConfiguration;
			buildSettings = {
				ASSETCATALOG_COMPILER_APPICON_NAME = AppIcon;
				ASSETCATALOG_COMPILER_GLOBAL_ACCENT_COLOR_NAME = AccentColor;
				CODE_SIGN_STYLE = Automatic;
				CURRENT_PROJECT_VERSION = 1;
				GENERATE_INFOPLIST_FILE = YES;
				INFOPLIST_FILE = MyStoryBook/Info.plist;
				INFOPLIST_KEY_UIApplicationSupportsIndirectInputEvents = YES;
				INFOPLIST_KEY_UILaunchStoryboardName = LaunchScreen;
				INFOPLIST_KEY_UIMainStoryboardFile = Main;
				INFOPLIST_KEY_UISupportedInterfaceOrientations_iPad = "UIInterfaceOrientationPortrait UIInterfaceOrientationPortraitUpsideDown UIInterfaceOrientationLandscapeLeft UIInterfaceOrientationLandscapeRight";
				INFOPLIST_KEY_UISupportedInterfaceOrientations_iPhone = "UIInterfaceOrientationPortrait UIInterfaceOrientationLandscapeLeft UIInterfaceOrientationLandscapeRight";
				LD_RUNPATH_SEARCH_PATHS = (
					"$(inherited)",
					"@executable_path/Frameworks",
				);
				MARKETING_VERSION = 1.0;
				PRODUCT_BUNDLE_IDENTIFIER = nilesh.patel.MyStoryBook;
				PRODUCT_NAME = "$(TARGET_NAME)";
				SWIFT_EMIT_LOC_STRINGS = YES;
				SWIFT_VERSION = 5.0;
				TARGETED_DEVICE_FAMILY = "1,2";
			};
			name = Release;
		};
		45E661A92C044EAB001F4868 /* Debug */ = {
			isa = XCBuildConfiguration;
			buildSettings = {
				ALWAYS_EMBED_SWIFT_STANDARD_LIBRARIES = YES;
				BUNDLE_LOADER = "$(TEST_HOST)";
				CODE_SIGN_STYLE = Automatic;
				CURRENT_PROJECT_VERSION = 1;
				GENERATE_INFOPLIST_FILE = YES;
				IPHONEOS_DEPLOYMENT_TARGET = 17.0;
				MARKETING_VERSION = 1.0;
				PRODUCT_BUNDLE_IDENTIFIER = nilesh.patel.MyStoryBookTests;
				PRODUCT_NAME = "$(TARGET_NAME)";
				SWIFT_EMIT_LOC_STRINGS = NO;
				SWIFT_VERSION = 5.0;
				TARGETED_DEVICE_FAMILY = "1,2";
				TEST_HOST = "$(BUILT_PRODUCTS_DIR)/MyStoryBook.app/$(BUNDLE_EXECUTABLE_FOLDER_PATH)/MyStoryBook";
			};
			name = Debug;
		};
		45E661AA2C044EAB001F4868 /* Release */ = {
			isa = XCBuildConfiguration;
			buildSettings = {
				ALWAYS_EMBED_SWIFT_STANDARD_LIBRARIES = YES;
				BUNDLE_LOADER = "$(TEST_HOST)";
				CODE_SIGN_STYLE = Automatic;
				CURRENT_PROJECT_VERSION = 1;
				GENERATE_INFOPLIST_FILE = YES;
				IPHONEOS_DEPLOYMENT_TARGET = 17.0;
				MARKETING_VERSION = 1.0;
				PRODUCT_BUNDLE_IDENTIFIER = nilesh.patel.MyStoryBookTests;
				PRODUCT_NAME = "$(TARGET_NAME)";
				SWIFT_EMIT_LOC_STRINGS = NO;
				SWIFT_VERSION = 5.0;
				TARGETED_DEVICE_FAMILY = "1,2";
				TEST_HOST = "$(BUILT_PRODUCTS_DIR)/MyStoryBook.app/$(BUNDLE_EXECUTABLE_FOLDER_PATH)/MyStoryBook";
			};
			name = Release;
		};
		45E661AC2C044EAB001F4868 /* Debug */ = {
			isa = XCBuildConfiguration;
			buildSettings = {
				ALWAYS_EMBED_SWIFT_STANDARD_LIBRARIES = YES;
				CODE_SIGN_STYLE = Automatic;
				CURRENT_PROJECT_VERSION = 1;
				GENERATE_INFOPLIST_FILE = YES;
				MARKETING_VERSION = 1.0;
				PRODUCT_BUNDLE_IDENTIFIER = nilesh.patel.MyStoryBookUITests;
				PRODUCT_NAME = "$(TARGET_NAME)";
				SWIFT_EMIT_LOC_STRINGS = NO;
				SWIFT_VERSION = 5.0;
				TARGETED_DEVICE_FAMILY = "1,2";
				TEST_TARGET_NAME = MyStoryBook;
			};
			name = Debug;
		};
		45E661AD2C044EAB001F4868 /* Release */ = {
			isa = XCBuildConfiguration;
			buildSettings = {
				ALWAYS_EMBED_SWIFT_STANDARD_LIBRARIES = YES;
				CODE_SIGN_STYLE = Automatic;
				CURRENT_PROJECT_VERSION = 1;
				GENERATE_INFOPLIST_FILE = YES;
				MARKETING_VERSION = 1.0;
				PRODUCT_BUNDLE_IDENTIFIER = nilesh.patel.MyStoryBookUITests;
				PRODUCT_NAME = "$(TARGET_NAME)";
				SWIFT_EMIT_LOC_STRINGS = NO;
				SWIFT_VERSION = 5.0;
				TARGETED_DEVICE_FAMILY = "1,2";
				TEST_TARGET_NAME = MyStoryBook;
			};
			name = Release;
		};
/* End XCBuildConfiguration section */

/* Begin XCConfigurationList section */
		45E661732C044EA9001F4868 /* Build configuration list for PBXProject "MyStoryBook" */ = {
			isa = XCConfigurationList;
			buildConfigurations = (
				45E661A32C044EAB001F4868 /* Debug */,
				45E661A42C044EAB001F4868 /* Release */,
			);
			defaultConfigurationIsVisible = 0;
			defaultConfigurationName = Release;
		};
		45E661A52C044EAB001F4868 /* Build configuration list for PBXNativeTarget "MyStoryBook" */ = {
			isa = XCConfigurationList;
			buildConfigurations = (
				45E661A62C044EAB001F4868 /* Debug */,
				45E661A72C044EAB001F4868 /* Release */,
			);
			defaultConfigurationIsVisible = 0;
			defaultConfigurationName = Release;
		};
		45E661A82C044EAB001F4868 /* Build configuration list for PBXNativeTarget "MyStoryBookTests" */ = {
			isa = XCConfigurationList;
			buildConfigurations = (
				45E661A92C044EAB001F4868 /* Debug */,
				45E661AA2C044EAB001F4868 /* Release */,
			);
			defaultConfigurationIsVisible = 0;
			defaultConfigurationName = Release;
		};
		45E661AB2C044EAB001F4868 /* Build configuration list for PBXNativeTarget "MyStoryBookUITests" */ = {
			isa = XCConfigurationList;
			buildConfigurations = (
				45E661AC2C044EAB001F4868 /* Debug */,
				45E661AD2C044EAB001F4868 /* Release */,
			);
			defaultConfigurationIsVisible = 0;
			defaultConfigurationName = Release;
		};
/* End XCConfigurationList section */

/* Begin XCVersionGroup section */
		45E661842C044EA9001F4868 /* MyStoryBook.xcdatamodeld */ = {
			isa = XCVersionGroup;
			children = (
				45E661852C044EA9001F4868 /* MyStoryBook.xcdatamodel */,
			);
			currentVersion = 45E661852C044EA9001F4868 /* MyStoryBook.xcdatamodel */;
			path = MyStoryBook.xcdatamodeld;
			sourceTree = "<group>";
			versionGroupType = wrapper.xcdatamodel;
		};
/* End XCVersionGroup section */
	};
	rootObject = 45E661702C044EA9001F4868 /* Project object */;
}
